# This file is automatically @generated by Cargo.
# It is not intended for manual editing.
version = 3

[[package]]
name = "cli"
version = "0.0.0"
dependencies = [
 "observe",
 "packages",
]

[[package]]
name = "conflict"
version = "0.0.0"
dependencies = [
 "kernel",
]

[[package]]
name = "culture"
version = "0.0.0"
dependencies = [
 "kernel",
]

[[package]]
name = "ecology"
version = "0.0.0"
dependencies = [
 "kernel",
]

[[package]]
name = "economy"
version = "0.0.0"
dependencies = [
 "kernel",
]

[[package]]
name = "institutions"
version = "0.0.0"
dependencies = [
 "kernel",
]

[[package]]
name = "kernel"
version = "0.0.0"

[[package]]
name = "knowledge"
version = "0.0.0"
dependencies = [
 "kernel",
]

[[package]]
name = "living"
version = "0.0.0"
dependencies = [
 "kernel",
]

[[package]]
name = "narrator"
version = "0.0.0"
dependencies = [
 "observe",
]

[[package]]
name = "observe"
version = "0.0.0"
dependencies = [
 "kernel",
]

[[package]]
name = "packages"
version = "0.0.0"
dependencies = [
 "kernel",
]

[[package]]
name = "persistence"
version = "0.0.0"
dependencies = [
 "kernel",
]

[[package]]
name = "physical"
version = "0.0.0"
dependencies = [
 "kernel",
]

[[package]]
name = "replay"
version = "0.0.0"
dependencies = [
 "kernel",
]

[[package]]
name = "resources"
version = "0.0.0"
dependencies = [
 "kernel",
]

[[package]]
name = "society"
version = "0.0.0"
dependencies = [
 "kernel",
]

[[package]]
name = "tools"
version = "0.0.0"
dependencies = [
 "observe",
 "replay",
]
